
Microsoft Visual Studio Solution File, Format Version 12.00
# Visual Studio 15
VisualStudioVersion = 15.0.26124.0
MinimumVisualStudioVersion = 15.0.26124.0
Project("{FAE04EC0-301F-11D3-BF4B-00C04F79EFBC}") = "HackerRank", "HackerRank\HackerRank.csproj", "{81894A18-DB49-4439-9164-B5A0541238E0}"
EndProject
Project("{FAE04EC0-301F-11D3-BF4B-00C04F79EFBC}") = "HackerRank.Tests", "HackerRank.Tests\HackerRank.Tests.csproj", "{EDC245DC-977F-4576-BD47-57517372488A}"
EndProject
Global
	GlobalSection(SolutionConfigurationPlatforms) = preSolution
		Debug|Any CPU = Debug|Any CPU
		Debug|x64 = Debug|x64
		Debug|x86 = Debug|x86
		Release|Any CPU = Release|Any CPU
		Release|x64 = Release|x64
		Release|x86 = Release|x86
	EndGlobalSection
	GlobalSection(SolutionProperties) = preSolution
		HideSolutionNode = FALSE
	EndGlobalSection
	GlobalSection(ProjectConfigurationPlatforms) = postSolution
		{81894A18-DB49-4439-9164-B5A0541238E0}.Debug|Any CPU.ActiveCfg = Debug|Any CPU
		{81894A18-DB49-4439-9164-B5A0541238E0}.Debug|Any CPU.Build.0 = Debug|Any CPU
		{81894A18-DB49-4439-9164-B5A0541238E0}.Debug|x64.ActiveCfg = Debug|Any CPU
		{81894A18-DB49-4439-9164-B5A0541238E0}.Debug|x64.Build.0 = Debug|Any CPU
		{81894A18-DB49-4439-9164-B5A0541238E0}.Debug|x86.ActiveCfg = Debug|Any CPU
		{81894A18-DB49-4439-9164-B5A0541238E0}.Debug|x86.Build.0 = Debug|Any CPU
		{81894A18-DB49-4439-9164-B5A0541238E0}.Release|Any CPU.ActiveCfg = Release|Any CPU
		{81894A18-DB49-4439-9164-B5A0541238E0}.Release|Any CPU.Build.0 = Release|Any CPU
		{81894A18-DB49-4439-9164-B5A0541238E0}.Release|x64.ActiveCfg = Release|Any CPU
		{81894A18-DB49-4439-9164-B5A0541238E0}.Release|x64.Build.0 = Release|Any CPU
		{81894A18-DB49-4439-9164-B5A0541238E0}.Release|x86.ActiveCfg = Release|Any CPU
		{81894A18-DB49-4439-9164-B5A0541238E0}.Release|x86.Build.0 = Release|Any CPU
		{EDC245DC-977F-4576-BD47-57517372488A}.Debug|Any CPU.ActiveCfg = Debug|Any CPU
		{EDC245DC-977F-4576-BD47-57517372488A}.Debug|Any CPU.Build.0 = Debug|Any CPU
		{EDC245DC-977F-4576-BD47-57517372488A}.Debug|x64.ActiveCfg = Debug|Any CPU
		{EDC245DC-977F-4576-BD47-57517372488A}.Debug|x64.Build.0 = Debug|Any CPU
		{EDC245DC-977F-4576-BD47-57517372488A}.Debug|x86.ActiveCfg = Debug|Any CPU
		{EDC245DC-977F-4576-BD47-57517372488A}.Debug|x86.Build.0 = Debug|Any CPU
		{EDC245DC-977F-4576-BD47-57517372488A}.Release|Any CPU.ActiveCfg = Release|Any CPU
		{EDC245DC-977F-4576-BD47-57517372488A}.Release|Any CPU.Build.0 = Release|Any CPU
		{EDC245DC-977F-4576-BD47-57517372488A}.Release|x64.ActiveCfg = Release|Any CPU
		{EDC245DC-977F-4576-BD47-57517372488A}.Release|x64.Build.0 = Release|Any CPU
		{EDC245DC-977F-4576-BD47-57517372488A}.Release|x86.ActiveCfg = Release|Any CPU
		{EDC245DC-977F-4576-BD47-57517372488A}.Release|x86.Build.0 = Release|Any CPU
	EndGlobalSection
EndGlobal
